
Microsoft Visual Studio Solution File, Format Version 12.00
# Visual Studio Version 17
VisualStudioVersion = 17.9.34622.214
MinimumVisualStudioVersion = 10.0.40219.1
Project("{F184B08F-C81C-45F6-A57F-5ABD9991F28F}") = "tianzuo.ZhuiriTest", "tianzuo.ZhuiriTest.vbproj", "{721B0610-B4A7-4558-B210-1FCA2C2F9482}"
EndProject
Global
	GlobalSection(SolutionConfigurationPlatforms) = preSolution
		Debug|Any CPU = Debug|Any CPU
		Release|Any CPU = Release|Any CPU
	EndGlobalSection
	GlobalSection(ProjectConfigurationPlatforms) = postSolution
		{721B0610-B4A7-4558-B210-1FCA2C2F9482}.Debug|Any CPU.ActiveCfg = Debug|Any CPU
		{721B0610-B4A7-4558-B210-1FCA2C2F9482}.Debug|Any CPU.Build.0 = Debug|Any CPU
		{721B0610-B4A7-4558-B210-1FCA2C2F9482}.Release|Any CPU.ActiveCfg = Release|Any CPU
		{721B0610-B4A7-4558-B210-1FCA2C2F9482}.Release|Any CPU.Build.0 = Release|Any CPU
	EndGlobalSection
	GlobalSection(SolutionProperties) = preSolution
		HideSolutionNode = FALSE
	EndGlobalSection
	GlobalSection(ExtensibilityGlobals) = postSolution
		SolutionGuid = {48AA4223-4340-478F-9779-970E40220BC2}
	EndGlobalSection
EndGlobal
